
Microsoft Visual Studio Solution File, Format Version 12.00
# Visual Studio Version 17
VisualStudioVersion = 17.4.33213.308
MinimumVisualStudioVersion = 10.0.40219.1
Project("{2150E333-8FDC-42A3-9474-1A3956D46DE8}") = "LAB1", "LAB1", "{07A00DCE-D181-4469-99BE-EDE142318C25}"
EndProject
Project("{9A19103F-16F7-4668-BE54-9A1E7A4F7556}") = "WebMVCR1", "ASP.MVC\WebMVCR1\WebMVCR1.csproj", "{E75A8338-E6AE-40B4-9267-197F3C5E69F0}"
EndProject
Project("{FAE04EC0-301F-11D3-BF4B-00C04F79EFBC}") = "WebMVCR1_fr4.8", "task1\WebMVCR1_fr4.8\WebMVCR1_fr4.8.csproj", "{62DFC9C2-A5EE-4215-9A47-2B37B49C9195}"
EndProject
Project("{2150E333-8FDC-42A3-9474-1A3956D46DE8}") = "LAB2", "LAB2", "{BAC7C76A-C071-4FDA-B063-BF607E8FA766}"
EndProject
Project("{FAE04EC0-301F-11D3-BF4B-00C04F79EFBC}") = "WebMVCR1_L2", "task2\WebMVCR1_L2\WebMVCR1_L2.csproj", "{6019BA13-8D3D-4B7D-B46E-2724590CEF12}"
EndProject
Project("{2150E333-8FDC-42A3-9474-1A3956D46DE8}") = "LAB3", "LAB3", "{8DA093D2-5424-4435-8DC3-57F477FC4C48}"
EndProject
Project("{FAE04EC0-301F-11D3-BF4B-00C04F79EFBC}") = "WebMVCR1_L3", "task3\WebMVCR1_L3\WebMVCR1_L3.csproj", "{52C797B6-B115-41E3-A4D2-F6A1C9AF16A3}"
EndProject
Global
	GlobalSection(SolutionConfigurationPlatforms) = preSolution
		Debug|Any CPU = Debug|Any CPU
		Release|Any CPU = Release|Any CPU
	EndGlobalSection
	GlobalSection(ProjectConfigurationPlatforms) = postSolution
		{E75A8338-E6AE-40B4-9267-197F3C5E69F0}.Debug|Any CPU.ActiveCfg = Debug|Any CPU
		{E75A8338-E6AE-40B4-9267-197F3C5E69F0}.Debug|Any CPU.Build.0 = Debug|Any CPU
		{E75A8338-E6AE-40B4-9267-197F3C5E69F0}.Release|Any CPU.ActiveCfg = Release|Any CPU
		{E75A8338-E6AE-40B4-9267-197F3C5E69F0}.Release|Any CPU.Build.0 = Release|Any CPU
		{62DFC9C2-A5EE-4215-9A47-2B37B49C9195}.Debug|Any CPU.ActiveCfg = Debug|Any CPU
		{62DFC9C2-A5EE-4215-9A47-2B37B49C9195}.Debug|Any CPU.Build.0 = Debug|Any CPU
		{62DFC9C2-A5EE-4215-9A47-2B37B49C9195}.Release|Any CPU.ActiveCfg = Release|Any CPU
		{62DFC9C2-A5EE-4215-9A47-2B37B49C9195}.Release|Any CPU.Build.0 = Release|Any CPU
		{6019BA13-8D3D-4B7D-B46E-2724590CEF12}.Debug|Any CPU.ActiveCfg = Debug|Any CPU
		{6019BA13-8D3D-4B7D-B46E-2724590CEF12}.Debug|Any CPU.Build.0 = Debug|Any CPU
		{6019BA13-8D3D-4B7D-B46E-2724590CEF12}.Release|Any CPU.ActiveCfg = Release|Any CPU
		{6019BA13-8D3D-4B7D-B46E-2724590CEF12}.Release|Any CPU.Build.0 = Release|Any CPU
		{52C797B6-B115-41E3-A4D2-F6A1C9AF16A3}.Debug|Any CPU.ActiveCfg = Debug|Any CPU
		{52C797B6-B115-41E3-A4D2-F6A1C9AF16A3}.Debug|Any CPU.Build.0 = Debug|Any CPU
		{52C797B6-B115-41E3-A4D2-F6A1C9AF16A3}.Release|Any CPU.ActiveCfg = Release|Any CPU
		{52C797B6-B115-41E3-A4D2-F6A1C9AF16A3}.Release|Any CPU.Build.0 = Release|Any CPU
	EndGlobalSection
	GlobalSection(SolutionProperties) = preSolution
		HideSolutionNode = FALSE
	EndGlobalSection
	GlobalSection(NestedProjects) = preSolution
		{E75A8338-E6AE-40B4-9267-197F3C5E69F0} = {07A00DCE-D181-4469-99BE-EDE142318C25}
		{62DFC9C2-A5EE-4215-9A47-2B37B49C9195} = {07A00DCE-D181-4469-99BE-EDE142318C25}
		{6019BA13-8D3D-4B7D-B46E-2724590CEF12} = {BAC7C76A-C071-4FDA-B063-BF607E8FA766}
		{52C797B6-B115-41E3-A4D2-F6A1C9AF16A3} = {8DA093D2-5424-4435-8DC3-57F477FC4C48}
	EndGlobalSection
	GlobalSection(ExtensibilityGlobals) = postSolution
		SolutionGuid = {7F289AF3-27AA-4C8A-B8F8-EBF1356A9E53}
	EndGlobalSection
EndGlobal
