
Microsoft Visual Studio Solution File, Format Version 12.00
# Visual Studio Version 16
VisualStudioVersion = 16.0.33214.272
MinimumVisualStudioVersion = 10.0.40219.1
Project("{2150E333-8FDC-42A3-9474-1A3956D46DE8}") = "Lab_8", "Lab_8", "{4A036F52-652C-4F5B-8CBD-1853B28563C6}"
EndProject
Project("{2150E333-8FDC-42A3-9474-1A3956D46DE8}") = "Lab_1", "Lab_1", "{1A35B714-DAAF-479C-8B06-0049C5DF0940}"
EndProject
Project("{FAE04EC0-301F-11D3-BF4B-00C04F79EFBC}") = "RSVP_L1", "Lab_1\RSVP_L1\RSVP_L1.csproj", "{882A62F4-BB38-4B5E-8489-DCA828753BAA}"
EndProject
Project("{2150E333-8FDC-42A3-9474-1A3956D46DE8}") = "Lab_2", "Lab_2", "{3CF01609-565E-46D6-8B8D-2DAE9908E8D6}"
EndProject
Project("{FAE04EC0-301F-11D3-BF4B-00C04F79EFBC}") = "RSVP_L2", "Lab_2\RSVP_L2\RSVP_L2.csproj", "{3A6739CD-D458-49CA-A470-31CF93935EF9}"
EndProject
Project("{2150E333-8FDC-42A3-9474-1A3956D46DE8}") = "Lab_3", "Lab_3", "{6B56857A-6D3B-479F-B13E-104FA98BAC02}"
EndProject
Project("{FAE04EC0-301F-11D3-BF4B-00C04F79EFBC}") = "RSVP_L3", "Lab_3\RSVP_L3\RSVP_L3.csproj", "{41BD8C24-5E54-4794-B3EA-6DE85D22474A}"
EndProject
Project("{2150E333-8FDC-42A3-9474-1A3956D46DE8}") = "Lab_4", "Lab_4", "{57A83366-595E-4055-87E2-71EB92F07029}"
EndProject
Project("{2150E333-8FDC-42A3-9474-1A3956D46DE8}") = "Lab_5", "Lab_5", "{A089DB22-2C54-4FEB-89E0-58C1D7026F9D}"
EndProject
Project("{FAE04EC0-301F-11D3-BF4B-00C04F79EFBC}") = "RSVP_L4", "Lab_4\RSVP_L4\RSVP_L4.csproj", "{1BA233D8-C888-4A81-AE3D-47CD2BE9BD88}"
EndProject
Project("{FAE04EC0-301F-11D3-BF4B-00C04F79EFBC}") = "RSVP_L5", "Lab_5\RSVP_L5\RSVP_L5.csproj", "{050795F2-996B-4A5E-9544-4ACE6777B24A}"
EndProject
Global
	GlobalSection(SolutionConfigurationPlatforms) = preSolution
		Debug|Any CPU = Debug|Any CPU
		Release|Any CPU = Release|Any CPU
	EndGlobalSection
	GlobalSection(ProjectConfigurationPlatforms) = postSolution
		{882A62F4-BB38-4B5E-8489-DCA828753BAA}.Debug|Any CPU.ActiveCfg = Debug|Any CPU
		{882A62F4-BB38-4B5E-8489-DCA828753BAA}.Debug|Any CPU.Build.0 = Debug|Any CPU
		{882A62F4-BB38-4B5E-8489-DCA828753BAA}.Release|Any CPU.ActiveCfg = Release|Any CPU
		{882A62F4-BB38-4B5E-8489-DCA828753BAA}.Release|Any CPU.Build.0 = Release|Any CPU
		{3A6739CD-D458-49CA-A470-31CF93935EF9}.Debug|Any CPU.ActiveCfg = Debug|Any CPU
		{3A6739CD-D458-49CA-A470-31CF93935EF9}.Debug|Any CPU.Build.0 = Debug|Any CPU
		{3A6739CD-D458-49CA-A470-31CF93935EF9}.Release|Any CPU.ActiveCfg = Release|Any CPU
		{3A6739CD-D458-49CA-A470-31CF93935EF9}.Release|Any CPU.Build.0 = Release|Any CPU
		{41BD8C24-5E54-4794-B3EA-6DE85D22474A}.Debug|Any CPU.ActiveCfg = Debug|Any CPU
		{41BD8C24-5E54-4794-B3EA-6DE85D22474A}.Debug|Any CPU.Build.0 = Debug|Any CPU
		{41BD8C24-5E54-4794-B3EA-6DE85D22474A}.Release|Any CPU.ActiveCfg = Release|Any CPU
		{41BD8C24-5E54-4794-B3EA-6DE85D22474A}.Release|Any CPU.Build.0 = Release|Any CPU
		{1BA233D8-C888-4A81-AE3D-47CD2BE9BD88}.Debug|Any CPU.ActiveCfg = Debug|Any CPU
		{1BA233D8-C888-4A81-AE3D-47CD2BE9BD88}.Debug|Any CPU.Build.0 = Debug|Any CPU
		{1BA233D8-C888-4A81-AE3D-47CD2BE9BD88}.Release|Any CPU.ActiveCfg = Release|Any CPU
		{1BA233D8-C888-4A81-AE3D-47CD2BE9BD88}.Release|Any CPU.Build.0 = Release|Any CPU
		{050795F2-996B-4A5E-9544-4ACE6777B24A}.Debug|Any CPU.ActiveCfg = Debug|Any CPU
		{050795F2-996B-4A5E-9544-4ACE6777B24A}.Debug|Any CPU.Build.0 = Debug|Any CPU
		{050795F2-996B-4A5E-9544-4ACE6777B24A}.Release|Any CPU.ActiveCfg = Release|Any CPU
		{050795F2-996B-4A5E-9544-4ACE6777B24A}.Release|Any CPU.Build.0 = Release|Any CPU
	EndGlobalSection
	GlobalSection(SolutionProperties) = preSolution
		HideSolutionNode = FALSE
	EndGlobalSection
	GlobalSection(NestedProjects) = preSolution
		{882A62F4-BB38-4B5E-8489-DCA828753BAA} = {1A35B714-DAAF-479C-8B06-0049C5DF0940}
		{3A6739CD-D458-49CA-A470-31CF93935EF9} = {3CF01609-565E-46D6-8B8D-2DAE9908E8D6}
		{41BD8C24-5E54-4794-B3EA-6DE85D22474A} = {6B56857A-6D3B-479F-B13E-104FA98BAC02}
		{1BA233D8-C888-4A81-AE3D-47CD2BE9BD88} = {57A83366-595E-4055-87E2-71EB92F07029}
		{050795F2-996B-4A5E-9544-4ACE6777B24A} = {A089DB22-2C54-4FEB-89E0-58C1D7026F9D}
	EndGlobalSection
	GlobalSection(ExtensibilityGlobals) = postSolution
		SolutionGuid = {49633E9D-6C07-4D0F-83FC-60E5C9914882}
	EndGlobalSection
EndGlobal
